// !$*UTF8*$!
{
	archiveVersion = 1;
	classes = {
	};
	objectVersion = 60;
	objects = {

/* Begin PBXBuildFile section */
		6C5EB40D2C3C752B00341836 /* MicrosoftgraphClient in Frameworks */ = {isa = PBXBuildFile; productRef = 6C5EB40C2C3C752B00341836 /* MicrosoftgraphClient */; };
		6C89875A2C3C519200875F06 /* MicrosoftgraphClient in Frameworks */ = {isa = PBXBuildFile; productRef = 6C8987592C3C519200875F06 /* MicrosoftgraphClient */; };
		6CC6A2B52CC2F05F009DA391 /* MSAL in Frameworks */ = {isa = PBXBuildFile; productRef = 6CC6A2B42CC2F05F009DA391 /* MSAL */; };
		6CC6A2F42CC2F9B9009DA391 /* String+Error.swift in Sources */ = {isa = PBXBuildFile; fileRef = 6CC6A2F32CC2F9B6009DA391 /* String+Error.swift */; };
		6CE9FE612C3C029900121CDC /* ClientExampleApp.swift in Sources */ = {isa = PBXBuildFile; fileRef = 6CE9FE602C3C029900121CDC /* ClientExampleApp.swift */; };
		6CE9FE632C3C029900121CDC /* ContentView.swift in Sources */ = {isa = PBXBuildFile; fileRef = 6CE9FE622C3C029900121CDC /* ContentView.swift */; };
		6CE9FE652C3C029C00121CDC /* Assets.xcassets in Resources */ = {isa = PBXBuildFile; fileRef = 6CE9FE642C3C029C00121CDC /* Assets.xcassets */; };
		6CE9FE682C3C029C00121CDC /* Preview Assets.xcassets in Resources */ = {isa = PBXBuildFile; fileRef = 6CE9FE672C3C029C00121CDC /* Preview Assets.xcassets */; };
		6CE9FE722C3C029C00121CDC /* ClientExampleTests.swift in Sources */ = {isa = PBXBuildFile; fileRef = 6CE9FE712C3C029C00121CDC /* ClientExampleTests.swift */; };
		6CE9FE7C2C3C029C00121CDC /* ClientExampleUITests.swift in Sources */ = {isa = PBXBuildFile; fileRef = 6CE9FE7B2C3C029C00121CDC /* ClientExampleUITests.swift */; };
		6CE9FE7E2C3C029C00121CDC /* ClientExampleUITestsLaunchTests.swift in Sources */ = {isa = PBXBuildFile; fileRef = 6CE9FE7D2C3C029C00121CDC /* ClientExampleUITestsLaunchTests.swift */; };
		6CF9CE232C3C0C1B0024BEB0 /* MicrosoftgraphClient in Frameworks */ = {isa = PBXBuildFile; productRef = 6CF9CE222C3C0C1B0024BEB0 /* MicrosoftgraphClient */; };
/* End PBXBuildFile section */

/* Begin PBXContainerItemProxy section */
		6CE9FE6E2C3C029C00121CDC /* PBXContainerItemProxy */ = {
			isa = PBXContainerItemProxy;
			containerPortal = 6CE9FE552C3C029900121CDC /* Project object */;
			proxyType = 1;
			remoteGlobalIDString = 6CE9FE5C2C3C029900121CDC;
			remoteInfo = ClientExample;
		};
		6CE9FE782C3C029C00121CDC /* PBXContainerItemProxy */ = {
			isa = PBXContainerItemProxy;
			containerPortal = 6CE9FE552C3C029900121CDC /* Project object */;
			proxyType = 1;
			remoteGlobalIDString = 6CE9FE5C2C3C029900121CDC;
			remoteInfo = ClientExample;
		};
/* End PBXContainerItemProxy section */

/* Begin PBXFileReference section */
		6CC6A2B22CC2ED28009DA391 /* Info.plist */ = {isa = PBXFileReference; lastKnownFileType = text.plist; path = Info.plist; sourceTree = "<group>"; };
		6CC6A2F32CC2F9B6009DA391 /* String+Error.swift */ = {isa = PBXFileReference; lastKnownFileType = sourcecode.swift; path = "String+Error.swift"; sourceTree = "<group>"; };
		6CE9FE5D2C3C029900121CDC /* ClientExample.app */ = {isa = PBXFileReference; explicitFileType = wrapper.application; includeInIndex = 0; path = ClientExample.app; sourceTree = BUILT_PRODUCTS_DIR; };
		6CE9FE602C3C029900121CDC /* ClientExampleApp.swift */ = {isa = PBXFileReference; lastKnownFileType = sourcecode.swift; path = ClientExampleApp.swift; sourceTree = "<group>"; };
		6CE9FE622C3C029900121CDC /* ContentView.swift */ = {isa = PBXFileReference; lastKnownFileType = sourcecode.swift; path = ContentView.swift; sourceTree = "<group>"; };
		6CE9FE642C3C029C00121CDC /* Assets.xcassets */ = {isa = PBXFileReference; lastKnownFileType = folder.assetcatalog; path = Assets.xcassets; sourceTree = "<group>"; };
		6CE9FE672C3C029C00121CDC /* Preview Assets.xcassets */ = {isa = PBXFileReference; lastKnownFileType = folder.assetcatalog; path = "Preview Assets.xcassets"; sourceTree = "<group>"; };
		6CE9FE6D2C3C029C00121CDC /* ClientExampleTests.xctest */ = {isa = PBXFileReference; explicitFileType = wrapper.cfbundle; includeInIndex = 0; path = ClientExampleTests.xctest; sourceTree = BUILT_PRODUCTS_DIR; };
		6CE9FE712C3C029C00121CDC /* ClientExampleTests.swift */ = {isa = PBXFileReference; lastKnownFileType = sourcecode.swift; path = ClientExampleTests.swift; sourceTree = "<group>"; };
		6CE9FE772C3C029C00121CDC /* ClientExampleUITests.xctest */ = {isa = PBXFileReference; explicitFileType = wrapper.cfbundle; includeInIndex = 0; path = ClientExampleUITests.xctest; sourceTree = BUILT_PRODUCTS_DIR; };
		6CE9FE7B2C3C029C00121CDC /* ClientExampleUITests.swift */ = {isa = PBXFileReference; lastKnownFileType = sourcecode.swift; path = ClientExampleUITests.swift; sourceTree = "<group>"; };
		6CE9FE7D2C3C029C00121CDC /* ClientExampleUITestsLaunchTests.swift */ = {isa = PBXFileReference; lastKnownFileType = sourcecode.swift; path = ClientExampleUITestsLaunchTests.swift; sourceTree = "<group>"; };
/* End PBXFileReference section */

/* Begin PBXFrameworksBuildPhase section */
		6CE9FE5A2C3C029900121CDC /* Frameworks */ = {
			isa = PBXFrameworksBuildPhase;
			buildActionMask = 2147483647;
			files = (
				6C5EB40D2C3C752B00341836 /* MicrosoftgraphClient in Frameworks */,
				6CC6A2B52CC2F05F009DA391 /* MSAL in Frameworks */,
				6CF9CE232C3C0C1B0024BEB0 /* MicrosoftgraphClient in Frameworks */,
				6C89875A2C3C519200875F06 /* MicrosoftgraphClient in Frameworks */,
			);
			runOnlyForDeploymentPostprocessing = 0;
		};
		6CE9FE6A2C3C029C00121CDC /* Frameworks */ = {
			isa = PBXFrameworksBuildPhase;
			buildActionMask = 2147483647;
			files = (
			);
			runOnlyForDeploymentPostprocessing = 0;
		};
		6CE9FE742C3C029C00121CDC /* Frameworks */ = {
			isa = PBXFrameworksBuildPhase;
			buildActionMask = 2147483647;
			files = (
			);
			runOnlyForDeploymentPostprocessing = 0;
		};
/* End PBXFrameworksBuildPhase section */

/* Begin PBXGroup section */
		6CC6A2F22CC2F998009DA391 /* Utils */ = {
			isa = PBXGroup;
			children = (
				6CC6A2F32CC2F9B6009DA391 /* String+Error.swift */,
			);
			path = Utils;
			sourceTree = "<group>";
		};
		6CE9FE542C3C029900121CDC = {
			isa = PBXGroup;
			children = (
				6CE9FE5F2C3C029900121CDC /* ClientExample */,
				6CE9FE702C3C029C00121CDC /* ClientExampleTests */,
				6CE9FE7A2C3C029C00121CDC /* ClientExampleUITests */,
				6CE9FE5E2C3C029900121CDC /* Products */,
			);
			sourceTree = "<group>";
		};
		6CE9FE5E2C3C029900121CDC /* Products */ = {
			isa = PBXGroup;
			children = (
				6CE9FE5D2C3C029900121CDC /* ClientExample.app */,
				6CE9FE6D2C3C029C00121CDC /* ClientExampleTests.xctest */,
				6CE9FE772C3C029C00121CDC /* ClientExampleUITests.xctest */,
			);
			name = Products;
			sourceTree = "<group>";
		};
		6CE9FE5F2C3C029900121CDC /* ClientExample */ = {
			isa = PBXGroup;
			children = (
				6CC6A2F22CC2F998009DA391 /* Utils */,
				6CC6A2B22CC2ED28009DA391 /* Info.plist */,
				6CE9FE602C3C029900121CDC /* ClientExampleApp.swift */,
				6CE9FE622C3C029900121CDC /* ContentView.swift */,
				6CE9FE642C3C029C00121CDC /* Assets.xcassets */,
				6CE9FE662C3C029C00121CDC /* Preview Content */,
			);
			path = ClientExample;
			sourceTree = "<group>";
		};
		6CE9FE662C3C029C00121CDC /* Preview Content */ = {
			isa = PBXGroup;
			children = (
				6CE9FE672C3C029C00121CDC /* Preview Assets.xcassets */,
			);
			path = "Preview Content";
			sourceTree = "<group>";
		};
		6CE9FE702C3C029C00121CDC /* ClientExampleTests */ = {
			isa = PBXGroup;
			children = (
				6CE9FE712C3C029C00121CDC /* ClientExampleTests.swift */,
			);
			path = ClientExampleTests;
			sourceTree = "<group>";
		};
		6CE9FE7A2C3C029C00121CDC /* ClientExampleUITests */ = {
			isa = PBXGroup;
			children = (
				6CE9FE7B2C3C029C00121CDC /* ClientExampleUITests.swift */,
				6CE9FE7D2C3C029C00121CDC /* ClientExampleUITestsLaunchTests.swift */,
			);
			path = ClientExampleUITests;
			sourceTree = "<group>";
		};
/* End PBXGroup section */

/* Begin PBXNativeTarget section */
		6CE9FE5C2C3C029900121CDC /* ClientExample */ = {
			isa = PBXNativeTarget;
			buildConfigurationList = 6CE9FE812C3C029C00121CDC /* Build configuration list for PBXNativeTarget "ClientExample" */;
			buildPhases = (
				6CE9FE592C3C029900121CDC /* Sources */,
				6CE9FE5A2C3C029900121CDC /* Frameworks */,
				6CE9FE5B2C3C029900121CDC /* Resources */,
			);
			buildRules = (
			);
			dependencies = (
			);
			name = ClientExample;
			packageProductDependencies = (
				6CF9CE222C3C0C1B0024BEB0 /* MicrosoftgraphClient */,
				6C8987592C3C519200875F06 /* MicrosoftgraphClient */,
				6C5EB40C2C3C752B00341836 /* MicrosoftgraphClient */,
				6CC6A2B42CC2F05F009DA391 /* MSAL */,
			);
			productName = ClientExample;
			productReference = 6CE9FE5D2C3C029900121CDC /* ClientExample.app */;
			productType = "com.apple.product-type.application";
		};
		6CE9FE6C2C3C029C00121CDC /* ClientExampleTests */ = {
			isa = PBXNativeTarget;
			buildConfigurationList = 6CE9FE842C3C029C00121CDC /* Build configuration list for PBXNativeTarget "ClientExampleTests" */;
			buildPhases = (
				6CE9FE692C3C029C00121CDC /* Sources */,
				6CE9FE6A2C3C029C00121CDC /* Frameworks */,
				6CE9FE6B2C3C029C00121CDC /* Resources */,
			);
			buildRules = (
			);
			dependencies = (
				6CE9FE6F2C3C029C00121CDC /* PBXTargetDependency */,
			);
			name = ClientExampleTests;
			productName = ClientExampleTests;
			productReference = 6CE9FE6D2C3C029C00121CDC /* ClientExampleTests.xctest */;
			productType = "com.apple.product-type.bundle.unit-test";
		};
		6CE9FE762C3C029C00121CDC /* ClientExampleUITests */ = {
			isa = PBXNativeTarget;
			buildConfigurationList = 6CE9FE872C3C029C00121CDC /* Build configuration list for PBXNativeTarget "ClientExampleUITests" */;
			buildPhases = (
				6CE9FE732C3C029C00121CDC /* Sources */,
				6CE9FE742C3C029C00121CDC /* Frameworks */,
				6CE9FE752C3C029C00121CDC /* Resources */,
			);
			buildRules = (
			);
			dependencies = (
				6CE9FE792C3C029C00121CDC /* PBXTargetDependency */,
			);
			name = ClientExampleUITests;
			productName = ClientExampleUITests;
			productReference = 6CE9FE772C3C029C00121CDC /* ClientExampleUITests.xctest */;
			productType = "com.apple.product-type.bundle.ui-testing";
		};
/* End PBXNativeTarget section */

/* Begin PBXProject section */
		6CE9FE552C3C029900121CDC /* Project object */ = {
			isa = PBXProject;
			attributes = {
				BuildIndependentTargetsInParallel = 1;
				LastSwiftUpdateCheck = 1540;
				LastUpgradeCheck = 1600;
				TargetAttributes = {
					6CE9FE5C2C3C029900121CDC = {
						CreatedOnToolsVersion = 15.4;
					};
					6CE9FE6C2C3C029C00121CDC = {
						CreatedOnToolsVersion = 15.4;
						TestTargetID = 6CE9FE5C2C3C029900121CDC;
					};
					6CE9FE762C3C029C00121CDC = {
						CreatedOnToolsVersion = 15.4;
						TestTargetID = 6CE9FE5C2C3C029900121CDC;
					};
				};
			};
			buildConfigurationList = 6CE9FE582C3C029900121CDC /* Build configuration list for PBXProject "ClientExample" */;
			compatibilityVersion = "Xcode 14.0";
			developmentRegion = en;
			hasScannedForEncodings = 0;
			knownRegions = (
				en,
				Base,
			);
			mainGroup = 6CE9FE542C3C029900121CDC;
			packageReferences = (
				6C5EB40B2C3C752B00341836 /* XCLocalSwiftPackageReference "../microsoftgraph-client" */,
				6CC6A2B32CC2F05F009DA391 /* XCRemoteSwiftPackageReference "microsoft-authentication-library-for-objc" */,
			);
			productRefGroup = 6CE9FE5E2C3C029900121CDC /* Products */;
			projectDirPath = "";
			projectRoot = "";
			targets = (
				6CE9FE5C2C3C029900121CDC /* ClientExample */,
				6CE9FE6C2C3C029C00121CDC /* ClientExampleTests */,
				6CE9FE762C3C029C00121CDC /* ClientExampleUITests */,
			);
		};
/* End PBXProject section */

/* Begin PBXResourcesBuildPhase section */
		6CE9FE5B2C3C029900121CDC /* Resources */ = {
			isa = PBXResourcesBuildPhase;
			buildActionMask = 2147483647;
			files = (
				6CE9FE682C3C029C00121CDC /* Preview Assets.xcassets in Resources */,
				6CE9FE652C3C029C00121CDC /* Assets.xcassets in Resources */,
			);
			runOnlyForDeploymentPostprocessing = 0;
		};
		6CE9FE6B2C3C029C00121CDC /* Resources */ = {
			isa = PBXResourcesBuildPhase;
			buildActionMask = 2147483647;
			files = (
			);
			runOnlyForDeploymentPostprocessing = 0;
		};
		6CE9FE752C3C029C00121CDC /* Resources */ = {
			isa = PBXResourcesBuildPhase;
			buildActionMask = 2147483647;
			files = (
			);
			runOnlyForDeploymentPostprocessing = 0;
		};
/* End PBXResourcesBuildPhase section */

/* Begin PBXSourcesBuildPhase section */
		6CE9FE592C3C029900121CDC /* Sources */ = {
			isa = PBXSourcesBuildPhase;
			buildActionMask = 2147483647;
			files = (
				6CE9FE632C3C029900121CDC /* ContentView.swift in Sources */,
				6CC6A2F42CC2F9B9009DA391 /* String+Error.swift in Sources */,
				6CE9FE612C3C029900121CDC /* ClientExampleApp.swift in Sources */,
			);
			runOnlyForDeploymentPostprocessing = 0;
		};
		6CE9FE692C3C029C00121CDC /* Sources */ = {
			isa = PBXSourcesBuildPhase;
			buildActionMask = 2147483647;
			files = (
				6CE9FE722C3C029C00121CDC /* ClientExampleTests.swift in Sources */,
			);
			runOnlyForDeploymentPostprocessing = 0;
		};
		6CE9FE732C3C029C00121CDC /* Sources */ = {
			isa = PBXSourcesBuildPhase;
			buildActionMask = 2147483647;
			files = (
				6CE9FE7E2C3C029C00121CDC /* ClientExampleUITestsLaunchTests.swift in Sources */,
				6CE9FE7C2C3C029C00121CDC /* ClientExampleUITests.swift in Sources */,
			);
			runOnlyForDeploymentPostprocessing = 0;
		};
/* End PBXSourcesBuildPhase section */

/* Begin PBXTargetDependency section */
		6CE9FE6F2C3C029C00121CDC /* PBXTargetDependency */ = {
			isa = PBXTargetDependency;
			target = 6CE9FE5C2C3C029900121CDC /* ClientExample */;
			targetProxy = 6CE9FE6E2C3C029C00121CDC /* PBXContainerItemProxy */;
		};
		6CE9FE792C3C029C00121CDC /* PBXTargetDependency */ = {
			isa = PBXTargetDependency;
			target = 6CE9FE5C2C3C029900121CDC /* ClientExample */;
			targetProxy = 6CE9FE782C3C029C00121CDC /* PBXContainerItemProxy */;
		};
/* End PBXTargetDependency section */

/* Begin XCBuildConfiguration section */
		6CE9FE7F2C3C029C00121CDC /* Debug */ = {
			isa = XCBuildConfiguration;
			buildSettings = {
				ALWAYS_SEARCH_USER_PATHS = NO;
				ASSETCATALOG_COMPILER_GENERATE_SWIFT_ASSET_SYMBOL_EXTENSIONS = YES;
				CLANG_ANALYZER_NONNULL = YES;
				CLANG_ANALYZER_NUMBER_OBJECT_CONVERSION = YES_AGGRESSIVE;
				CLANG_CXX_LANGUAGE_STANDARD = "gnu++20";
				CLANG_ENABLE_MODULES = YES;
				CLANG_ENABLE_OBJC_ARC = YES;
				CLANG_ENABLE_OBJC_WEAK = YES;
				CLANG_WARN_BLOCK_CAPTURE_AUTORELEASING = YES;
				CLANG_WARN_BOOL_CONVERSION = YES;
				CLANG_WARN_COMMA = YES;
				CLANG_WARN_CONSTANT_CONVERSION = YES;
				CLANG_WARN_DEPRECATED_OBJC_IMPLEMENTATIONS = YES;
				CLANG_WARN_DIRECT_OBJC_ISA_USAGE = YES_ERROR;
				CLANG_WARN_DOCUMENTATION_COMMENTS = YES;
				CLANG_WARN_EMPTY_BODY = YES;
				CLANG_WARN_ENUM_CONVERSION = YES;
				CLANG_WARN_INFINITE_RECURSION = YES;
				CLANG_WARN_INT_CONVERSION = YES;
				CLANG_WARN_NON_LITERAL_NULL_CONVERSION = YES;
				CLANG_WARN_OBJC_IMPLICIT_RETAIN_SELF = YES;
				CLANG_WARN_OBJC_LITERAL_CONVERSION = YES;
				CLANG_WARN_OBJC_ROOT_CLASS = YES_ERROR;
				CLANG_WARN_QUOTED_INCLUDE_IN_FRAMEWORK_HEADER = YES;
				CLANG_WARN_RANGE_LOOP_ANALYSIS = YES;
				CLANG_WARN_STRICT_PROTOTYPES = YES;
				CLANG_WARN_SUSPICIOUS_MOVE = YES;
				CLANG_WARN_UNGUARDED_AVAILABILITY = YES_AGGRESSIVE;
				CLANG_WARN_UNREACHABLE_CODE = YES;
				CLANG_WARN__DUPLICATE_METHOD_MATCH = YES;
				COPY_PHASE_STRIP = NO;
				DEBUG_INFORMATION_FORMAT = dwarf;
				ENABLE_STRICT_OBJC_MSGSEND = YES;
				ENABLE_TESTABILITY = YES;
				ENABLE_USER_SCRIPT_SANDBOXING = YES;
				GCC_C_LANGUAGE_STANDARD = gnu17;
				GCC_DYNAMIC_NO_PIC = NO;
				GCC_NO_COMMON_BLOCKS = YES;
				GCC_OPTIMIZATION_LEVEL = 0;
				GCC_PREPROCESSOR_DEFINITIONS = (
					"DEBUG=1",
					"$(inherited)",
				);
				GCC_WARN_64_TO_32_BIT_CONVERSION = YES;
				GCC_WARN_ABOUT_RETURN_TYPE = YES_ERROR;
				GCC_WARN_UNDECLARED_SELECTOR = YES;
				GCC_WARN_UNINITIALIZED_AUTOS = YES_AGGRESSIVE;
				GCC_WARN_UNUSED_FUNCTION = YES;
				GCC_WARN_UNUSED_VARIABLE = YES;
				IPHONEOS_DEPLOYMENT_TARGET = 17.5;
				LOCALIZATION_PREFERS_STRING_CATALOGS = YES;
				MTL_ENABLE_DEBUG_INFO = INCLUDE_SOURCE;
				MTL_FAST_MATH = YES;
				ONLY_ACTIVE_ARCH = YES;
				SDKROOT = iphoneos;
				SWIFT_ACTIVE_COMPILATION_CONDITIONS = "DEBUG $(inherited)";
				SWIFT_OPTIMIZATION_LEVEL = "-Onone";
			};
			name = Debug;
		};
		6CE9FE802C3C029C00121CDC /* Release */ = {
			isa = XCBuildConfiguration;
			buildSettings = {
				ALWAYS_SEARCH_USER_PATHS = NO;
				ASSETCATALOG_COMPILER_GENERATE_SWIFT_ASSET_SYMBOL_EXTENSIONS = YES;
				CLANG_ANALYZER_NONNULL = YES;
				CLANG_ANALYZER_NUMBER_OBJECT_CONVERSION = YES_AGGRESSIVE;
				CLANG_CXX_LANGUAGE_STANDARD = "gnu++20";
				CLANG_ENABLE_MODULES = YES;
				CLANG_ENABLE_OBJC_ARC = YES;
				CLANG_ENABLE_OBJC_WEAK = YES;
				CLANG_WARN_BLOCK_CAPTURE_AUTORELEASING = YES;
				CLANG_WARN_BOOL_CONVERSION = YES;
				CLANG_WARN_COMMA = YES;
				CLANG_WARN_CONSTANT_CONVERSION = YES;
				CLANG_WARN_DEPRECATED_OBJC_IMPLEMENTATIONS = YES;
				CLANG_WARN_DIRECT_OBJC_ISA_USAGE = YES_ERROR;
				CLANG_WARN_DOCUMENTATION_COMMENTS = YES;
				CLANG_WARN_EMPTY_BODY = YES;
				CLANG_WARN_ENUM_CONVERSION = YES;
				CLANG_WARN_INFINITE_RECURSION = YES;
				CLANG_WARN_INT_CONVERSION = YES;
				CLANG_WARN_NON_LITERAL_NULL_CONVERSION = YES;
				CLANG_WARN_OBJC_IMPLICIT_RETAIN_SELF = YES;
				CLANG_WARN_OBJC_LITERAL_CONVERSION = YES;
				CLANG_WARN_OBJC_ROOT_CLASS = YES_ERROR;
				CLANG_WARN_QUOTED_INCLUDE_IN_FRAMEWORK_HEADER = YES;
				CLANG_WARN_RANGE_LOOP_ANALYSIS = YES;
				CLANG_WARN_STRICT_PROTOTYPES = YES;
				CLANG_WARN_SUSPICIOUS_MOVE = YES;
				CLANG_WARN_UNGUARDED_AVAILABILITY = YES_AGGRESSIVE;
				CLANG_WARN_UNREACHABLE_CODE = YES;
				CLANG_WARN__DUPLICATE_METHOD_MATCH = YES;
				COPY_PHASE_STRIP = NO;
				DEBUG_INFORMATION_FORMAT = "dwarf-with-dsym";
				ENABLE_NS_ASSERTIONS = NO;
				ENABLE_STRICT_OBJC_MSGSEND = YES;
				ENABLE_USER_SCRIPT_SANDBOXING = YES;
				GCC_C_LANGUAGE_STANDARD = gnu17;
				GCC_NO_COMMON_BLOCKS = YES;
				GCC_WARN_64_TO_32_BIT_CONVERSION = YES;
				GCC_WARN_ABOUT_RETURN_TYPE = YES_ERROR;
				GCC_WARN_UNDECLARED_SELECTOR = YES;
				GCC_WARN_UNINITIALIZED_AUTOS = YES_AGGRESSIVE;
				GCC_WARN_UNUSED_FUNCTION = YES;
				GCC_WARN_UNUSED_VARIABLE = YES;
				IPHONEOS_DEPLOYMENT_TARGET = 17.5;
				LOCALIZATION_PREFERS_STRING_CATALOGS = YES;
				MTL_ENABLE_DEBUG_INFO = NO;
				MTL_FAST_MATH = YES;
				SDKROOT = iphoneos;
				SWIFT_COMPILATION_MODE = wholemodule;
				VALIDATE_PRODUCT = YES;
			};
			name = Release;
		};
		6CE9FE822C3C029C00121CDC /* Debug */ = {
			isa = XCBuildConfiguration;
			buildSettings = {
				ASSETCATALOG_COMPILER_APPICON_NAME = AppIcon;
				ASSETCATALOG_COMPILER_GLOBAL_ACCENT_COLOR_NAME = AccentColor;
				CODE_SIGN_STYLE = Automatic;
				CURRENT_PROJECT_VERSION = 1;
				DEVELOPMENT_ASSET_PATHS = "\"ClientExample/Preview Content\"";
				ENABLE_PREVIEWS = YES;
				GENERATE_INFOPLIST_FILE = YES;
				INFOPLIST_FILE = ClientExample/Info.plist;
				INFOPLIST_KEY_UIApplicationSceneManifest_Generation = YES;
				INFOPLIST_KEY_UIApplicationSupportsIndirectInputEvents = YES;
				INFOPLIST_KEY_UILaunchScreen_Generation = YES;
				INFOPLIST_KEY_UISupportedInterfaceOrientations_iPad = "UIInterfaceOrientationPortrait UIInterfaceOrientationPortraitUpsideDown UIInterfaceOrientationLandscapeLeft UIInterfaceOrientationLandscapeRight";
				INFOPLIST_KEY_UISupportedInterfaceOrientations_iPhone = "UIInterfaceOrientationPortrait UIInterfaceOrientationLandscapeLeft UIInterfaceOrientationLandscapeRight";
				LD_RUNPATH_SEARCH_PATHS = (
					"$(inherited)",
					"@executable_path/Frameworks",
				);
				MARKETING_VERSION = 1.0;
				PRODUCT_BUNDLE_IDENTIFIER = com.ClientExample;
				PRODUCT_NAME = "$(TARGET_NAME)";
				SWIFT_EMIT_LOC_STRINGS = YES;
				SWIFT_VERSION = 5.0;
				TARGETED_DEVICE_FAMILY = "1,2";
			};
			name = Debug;
		};
		6CE9FE832C3C029C00121CDC /* Release */ = {
			isa = XCBuildConfiguration;
			buildSettings = {
				ASSETCATALOG_COMPILER_APPICON_NAME = AppIcon;
				ASSETCATALOG_COMPILER_GLOBAL_ACCENT_COLOR_NAME = AccentColor;
				CODE_SIGN_STYLE = Automatic;
				CURRENT_PROJECT_VERSION = 1;
				DEVELOPMENT_ASSET_PATHS = "\"ClientExample/Preview Content\"";
				ENABLE_PREVIEWS = YES;
				GENERATE_INFOPLIST_FILE = YES;
				INFOPLIST_FILE = ClientExample/Info.plist;
				INFOPLIST_KEY_UIApplicationSceneManifest_Generation = YES;
				INFOPLIST_KEY_UIApplicationSupportsIndirectInputEvents = YES;
				INFOPLIST_KEY_UILaunchScreen_Generation = YES;
				INFOPLIST_KEY_UISupportedInterfaceOrientations_iPad = "UIInterfaceOrientationPortrait UIInterfaceOrientationPortraitUpsideDown UIInterfaceOrientationLandscapeLeft UIInterfaceOrientationLandscapeRight";
				INFOPLIST_KEY_UISupportedInterfaceOrientations_iPhone = "UIInterfaceOrientationPortrait UIInterfaceOrientationLandscapeLeft UIInterfaceOrientationLandscapeRight";
				LD_RUNPATH_SEARCH_PATHS = (
					"$(inherited)",
					"@executable_path/Frameworks",
				);
				MARKETING_VERSION = 1.0;
				PRODUCT_BUNDLE_IDENTIFIER = com.ClientExample;
				PRODUCT_NAME = "$(TARGET_NAME)";
				SWIFT_EMIT_LOC_STRINGS = YES;
				SWIFT_VERSION = 5.0;
				TARGETED_DEVICE_FAMILY = "1,2";
			};
			name = Release;
		};
		6CE9FE852C3C029C00121CDC /* Debug */ = {
			isa = XCBuildConfiguration;
			buildSettings = {
				BUNDLE_LOADER = "$(TEST_HOST)";
				CODE_SIGN_STYLE = Automatic;
				CURRENT_PROJECT_VERSION = 1;
				GENERATE_INFOPLIST_FILE = YES;
				IPHONEOS_DEPLOYMENT_TARGET = 17.5;
				MARKETING_VERSION = 1.0;
				PRODUCT_BUNDLE_IDENTIFIER = com.ClientExampleTests;
				PRODUCT_NAME = "$(TARGET_NAME)";
				SWIFT_EMIT_LOC_STRINGS = NO;
				SWIFT_VERSION = 5.0;
				TARGETED_DEVICE_FAMILY = "1,2";
				TEST_HOST = "$(BUILT_PRODUCTS_DIR)/ClientExample.app/$(BUNDLE_EXECUTABLE_FOLDER_PATH)/ClientExample";
			};
			name = Debug;
		};
		6CE9FE862C3C029C00121CDC /* Release */ = {
			isa = XCBuildConfiguration;
			buildSettings = {
				BUNDLE_LOADER = "$(TEST_HOST)";
				CODE_SIGN_STYLE = Automatic;
				CURRENT_PROJECT_VERSION = 1;
				GENERATE_INFOPLIST_FILE = YES;
				IPHONEOS_DEPLOYMENT_TARGET = 17.5;
				MARKETING_VERSION = 1.0;
				PRODUCT_BUNDLE_IDENTIFIER = com.ClientExampleTests;
				PRODUCT_NAME = "$(TARGET_NAME)";
				SWIFT_EMIT_LOC_STRINGS = NO;
				SWIFT_VERSION = 5.0;
				TARGETED_DEVICE_FAMILY = "1,2";
				TEST_HOST = "$(BUILT_PRODUCTS_DIR)/ClientExample.app/$(BUNDLE_EXECUTABLE_FOLDER_PATH)/ClientExample";
			};
			name = Release;
		};
		6CE9FE882C3C029C00121CDC /* Debug */ = {
			isa = XCBuildConfiguration;
			buildSettings = {
				CODE_SIGN_STYLE = Automatic;
				CURRENT_PROJECT_VERSION = 1;
				GENERATE_INFOPLIST_FILE = YES;
				MARKETING_VERSION = 1.0;
				PRODUCT_BUNDLE_IDENTIFIER = com.ClientExampleUITests;
				PRODUCT_NAME = "$(TARGET_NAME)";
				SWIFT_EMIT_LOC_STRINGS = NO;
				SWIFT_VERSION = 5.0;
				TARGETED_DEVICE_FAMILY = "1,2";
				TEST_TARGET_NAME = ClientExample;
			};
			name = Debug;
		};
		6CE9FE892C3C029C00121CDC /* Release */ = {
			isa = XCBuildConfiguration;
			buildSettings = {
				CODE_SIGN_STYLE = Automatic;
				CURRENT_PROJECT_VERSION = 1;
				GENERATE_INFOPLIST_FILE = YES;
				MARKETING_VERSION = 1.0;
				PRODUCT_BUNDLE_IDENTIFIER = com.ClientExampleUITests;
				PRODUCT_NAME = "$(TARGET_NAME)";
				SWIFT_EMIT_LOC_STRINGS = NO;
				SWIFT_VERSION = 5.0;
				TARGETED_DEVICE_FAMILY = "1,2";
				TEST_TARGET_NAME = ClientExample;
			};
			name = Release;
		};
/* End XCBuildConfiguration section */

/* Begin XCConfigurationList section */
		6CE9FE582C3C029900121CDC /* Build configuration list for PBXProject "ClientExample" */ = {
			isa = XCConfigurationList;
			buildConfigurations = (
				6CE9FE7F2C3C029C00121CDC /* Debug */,
				6CE9FE802C3C029C00121CDC /* Release */,
			);
			defaultConfigurationIsVisible = 0;
			defaultConfigurationName = Release;
		};
		6CE9FE812C3C029C00121CDC /* Build configuration list for PBXNativeTarget "ClientExample" */ = {
			isa = XCConfigurationList;
			buildConfigurations = (
				6CE9FE822C3C029C00121CDC /* Debug */,
				6CE9FE832C3C029C00121CDC /* Release */,
			);
			defaultConfigurationIsVisible = 0;
			defaultConfigurationName = Release;
		};
		6CE9FE842C3C029C00121CDC /* Build configuration list for PBXNativeTarget "ClientExampleTests" */ = {
			isa = XCConfigurationList;
			buildConfigurations = (
				6CE9FE852C3C029C00121CDC /* Debug */,
				6CE9FE862C3C029C00121CDC /* Release */,
			);
			defaultConfigurationIsVisible = 0;
			defaultConfigurationName = Release;
		};
		6CE9FE872C3C029C00121CDC /* Build configuration list for PBXNativeTarget "ClientExampleUITests" */ = {
			isa = XCConfigurationList;
			buildConfigurations = (
				6CE9FE882C3C029C00121CDC /* Debug */,
				6CE9FE892C3C029C00121CDC /* Release */,
			);
			defaultConfigurationIsVisible = 0;
			defaultConfigurationName = Release;
		};
/* End XCConfigurationList section */

/* Begin XCLocalSwiftPackageReference section */
		6C5EB40B2C3C752B00341836 /* XCLocalSwiftPackageReference "../microsoftgraph-client" */ = {
			isa = XCLocalSwiftPackageReference;
			relativePath = "../microsoftgraph-client";
		};
/* End XCLocalSwiftPackageReference section */

/* Begin XCRemoteSwiftPackageReference section */
		6CC6A2B32CC2F05F009DA391 /* XCRemoteSwiftPackageReference "microsoft-authentication-library-for-objc" */ = {
			isa = XCRemoteSwiftPackageReference;
			repositoryURL = "https://github.com/AzureAD/microsoft-authentication-library-for-objc";
			requirement = {
				kind = upToNextMajorVersion;
				minimumVersion = 1.6.1;
			};
		};
/* End XCRemoteSwiftPackageReference section */

/* Begin XCSwiftPackageProductDependency section */
		6C5EB40C2C3C752B00341836 /* MicrosoftgraphClient */ = {
			isa = XCSwiftPackageProductDependency;
			productName = MicrosoftgraphClient;
		};
		6C8987592C3C519200875F06 /* MicrosoftgraphClient */ = {
			isa = XCSwiftPackageProductDependency;
			productName = MicrosoftgraphClient;
		};
		6CC6A2B42CC2F05F009DA391 /* MSAL */ = {
			isa = XCSwiftPackageProductDependency;
			package = 6CC6A2B32CC2F05F009DA391 /* XCRemoteSwiftPackageReference "microsoft-authentication-library-for-objc" */;
			productName = MSAL;
		};
		6CF9CE222C3C0C1B0024BEB0 /* MicrosoftgraphClient */ = {
			isa = XCSwiftPackageProductDependency;
			productName = MicrosoftgraphClient;
		};
/* End XCSwiftPackageProductDependency section */
	};
	rootObject = 6CE9FE552C3C029900121CDC /* Project object */;
}
