// !$*UTF8*$!
{
	archiveVersion = 1;
	classes = {
	};
	objectVersion = 56;
	objects = {

/* Begin PBXBuildFile section */
		6C1C123D2C2F64B2002008C0 /* MicrosoftgraphClientApp.swift in Sources */ = {isa = PBXBuildFile; fileRef = 6C1C123C2C2F64B2002008C0 /* MicrosoftgraphClientApp.swift */; };
		6C1C123F2C2F64B2002008C0 /* ContentView.swift in Sources */ = {isa = PBXBuildFile; fileRef = 6C1C123E2C2F64B2002008C0 /* ContentView.swift */; };
		6C1C12412C2F64B5002008C0 /* Assets.xcassets in Resources */ = {isa = PBXBuildFile; fileRef = 6C1C12402C2F64B5002008C0 /* Assets.xcassets */; };
		6C1C12442C2F64B5002008C0 /* Preview Assets.xcassets in Resources */ = {isa = PBXBuildFile; fileRef = 6C1C12432C2F64B5002008C0 /* Preview Assets.xcassets */; };
		6C1C124E2C2F64B6002008C0 /* MicrosoftgraphClientTests.swift in Sources */ = {isa = PBXBuildFile; fileRef = 6C1C124D2C2F64B6002008C0 /* MicrosoftgraphClientTests.swift */; };
		6C1C12582C2F64B6002008C0 /* MicrosoftgraphClientUITests.swift in Sources */ = {isa = PBXBuildFile; fileRef = 6C1C12572C2F64B6002008C0 /* MicrosoftgraphClientUITests.swift */; };
		6C1C125A2C2F64B6002008C0 /* MicrosoftgraphClientUITestsLaunchTests.swift in Sources */ = {isa = PBXBuildFile; fileRef = 6C1C12592C2F64B6002008C0 /* MicrosoftgraphClientUITestsLaunchTests.swift */; };
/* End PBXBuildFile section */

/* Begin PBXContainerItemProxy section */
		6C1C124A2C2F64B6002008C0 /* PBXContainerItemProxy */ = {
			isa = PBXContainerItemProxy;
			containerPortal = 6C1C12312C2F64B2002008C0 /* Project object */;
			proxyType = 1;
			remoteGlobalIDString = 6C1C12382C2F64B2002008C0;
			remoteInfo = MicrosoftgraphClient;
		};
		6C1C12542C2F64B6002008C0 /* PBXContainerItemProxy */ = {
			isa = PBXContainerItemProxy;
			containerPortal = 6C1C12312C2F64B2002008C0 /* Project object */;
			proxyType = 1;
			remoteGlobalIDString = 6C1C12382C2F64B2002008C0;
			remoteInfo = MicrosoftgraphClient;
		};
/* End PBXContainerItemProxy section */

/* Begin PBXFileReference section */
		6C1C12392C2F64B2002008C0 /* MicrosoftgraphClient.app */ = {isa = PBXFileReference; explicitFileType = wrapper.application; includeInIndex = 0; path = MicrosoftgraphClient.app; sourceTree = BUILT_PRODUCTS_DIR; };
		6C1C123C2C2F64B2002008C0 /* MicrosoftgraphClientApp.swift */ = {isa = PBXFileReference; lastKnownFileType = sourcecode.swift; path = MicrosoftgraphClientApp.swift; sourceTree = "<group>"; };
		6C1C123E2C2F64B2002008C0 /* ContentView.swift */ = {isa = PBXFileReference; lastKnownFileType = sourcecode.swift; path = ContentView.swift; sourceTree = "<group>"; };
		6C1C12402C2F64B5002008C0 /* Assets.xcassets */ = {isa = PBXFileReference; lastKnownFileType = folder.assetcatalog; path = Assets.xcassets; sourceTree = "<group>"; };
		6C1C12432C2F64B5002008C0 /* Preview Assets.xcassets */ = {isa = PBXFileReference; lastKnownFileType = folder.assetcatalog; path = "Preview Assets.xcassets"; sourceTree = "<group>"; };
		6C1C12492C2F64B6002008C0 /* MicrosoftgraphClientTests.xctest */ = {isa = PBXFileReference; explicitFileType = wrapper.cfbundle; includeInIndex = 0; path = MicrosoftgraphClientTests.xctest; sourceTree = BUILT_PRODUCTS_DIR; };
		6C1C124D2C2F64B6002008C0 /* MicrosoftgraphClientTests.swift */ = {isa = PBXFileReference; lastKnownFileType = sourcecode.swift; path = MicrosoftgraphClientTests.swift; sourceTree = "<group>"; };
		6C1C12532C2F64B6002008C0 /* MicrosoftgraphClientUITests.xctest */ = {isa = PBXFileReference; explicitFileType = wrapper.cfbundle; includeInIndex = 0; path = MicrosoftgraphClientUITests.xctest; sourceTree = BUILT_PRODUCTS_DIR; };
		6C1C12572C2F64B6002008C0 /* MicrosoftgraphClientUITests.swift */ = {isa = PBXFileReference; lastKnownFileType = sourcecode.swift; path = MicrosoftgraphClientUITests.swift; sourceTree = "<group>"; };
		6C1C12592C2F64B6002008C0 /* MicrosoftgraphClientUITestsLaunchTests.swift */ = {isa = PBXFileReference; lastKnownFileType = sourcecode.swift; path = MicrosoftgraphClientUITestsLaunchTests.swift; sourceTree = "<group>"; };
/* End PBXFileReference section */

/* Begin PBXFrameworksBuildPhase section */
		6C1C12362C2F64B2002008C0 /* Frameworks */ = {
			isa = PBXFrameworksBuildPhase;
			buildActionMask = 2147483647;
			files = (
			);
			runOnlyForDeploymentPostprocessing = 0;
		};
		6C1C12462C2F64B6002008C0 /* Frameworks */ = {
			isa = PBXFrameworksBuildPhase;
			buildActionMask = 2147483647;
			files = (
			);
			runOnlyForDeploymentPostprocessing = 0;
		};
		6C1C12502C2F64B6002008C0 /* Frameworks */ = {
			isa = PBXFrameworksBuildPhase;
			buildActionMask = 2147483647;
			files = (
			);
			runOnlyForDeploymentPostprocessing = 0;
		};
/* End PBXFrameworksBuildPhase section */

/* Begin PBXGroup section */
		6C1C12302C2F64B2002008C0 = {
			isa = PBXGroup;
			children = (
				6C1C123B2C2F64B2002008C0 /* MicrosoftgraphClient */,
				6C1C124C2C2F64B6002008C0 /* MicrosoftgraphClientTests */,
				6C1C12562C2F64B6002008C0 /* MicrosoftgraphClientUITests */,
				6C1C123A2C2F64B2002008C0 /* Products */,
			);
			sourceTree = "<group>";
		};
		6C1C123A2C2F64B2002008C0 /* Products */ = {
			isa = PBXGroup;
			children = (
				6C1C12392C2F64B2002008C0 /* MicrosoftgraphClient.app */,
				6C1C12492C2F64B6002008C0 /* MicrosoftgraphClientTests.xctest */,
				6C1C12532C2F64B6002008C0 /* MicrosoftgraphClientUITests.xctest */,
			);
			name = Products;
			sourceTree = "<group>";
		};
		6C1C123B2C2F64B2002008C0 /* MicrosoftgraphClient */ = {
			isa = PBXGroup;
			children = (
				6C1C123C2C2F64B2002008C0 /* MicrosoftgraphClientApp.swift */,
				6C1C123E2C2F64B2002008C0 /* ContentView.swift */,
				6C1C12402C2F64B5002008C0 /* Assets.xcassets */,
				6C1C12422C2F64B5002008C0 /* Preview Content */,
			);
			path = MicrosoftgraphClient;
			sourceTree = "<group>";
		};
		6C1C12422C2F64B5002008C0 /* Preview Content */ = {
			isa = PBXGroup;
			children = (
				6C1C12432C2F64B5002008C0 /* Preview Assets.xcassets */,
			);
			path = "Preview Content";
			sourceTree = "<group>";
		};
		6C1C124C2C2F64B6002008C0 /* MicrosoftgraphClientTests */ = {
			isa = PBXGroup;
			children = (
				6C1C124D2C2F64B6002008C0 /* MicrosoftgraphClientTests.swift */,
			);
			path = MicrosoftgraphClientTests;
			sourceTree = "<group>";
		};
		6C1C12562C2F64B6002008C0 /* MicrosoftgraphClientUITests */ = {
			isa = PBXGroup;
			children = (
				6C1C12572C2F64B6002008C0 /* MicrosoftgraphClientUITests.swift */,
				6C1C12592C2F64B6002008C0 /* MicrosoftgraphClientUITestsLaunchTests.swift */,
			);
			path = MicrosoftgraphClientUITests;
			sourceTree = "<group>";
		};
/* End PBXGroup section */

/* Begin PBXNativeTarget section */
		6C1C12382C2F64B2002008C0 /* MicrosoftgraphClient */ = {
			isa = PBXNativeTarget;
			buildConfigurationList = 6C1C125D2C2F64B6002008C0 /* Build configuration list for PBXNativeTarget "MicrosoftgraphClient" */;
			buildPhases = (
				6C1C12352C2F64B2002008C0 /* Sources */,
				6C1C12362C2F64B2002008C0 /* Frameworks */,
				6C1C12372C2F64B2002008C0 /* Resources */,
			);
			buildRules = (
			);
			dependencies = (
			);
			name = MicrosoftgraphClient;
			productName = MicrosoftgraphClient;
			productReference = 6C1C12392C2F64B2002008C0 /* MicrosoftgraphClient.app */;
			productType = "com.apple.product-type.application";
		};
		6C1C12482C2F64B6002008C0 /* MicrosoftgraphClientTests */ = {
			isa = PBXNativeTarget;
			buildConfigurationList = 6C1C12602C2F64B6002008C0 /* Build configuration list for PBXNativeTarget "MicrosoftgraphClientTests" */;
			buildPhases = (
				6C1C12452C2F64B6002008C0 /* Sources */,
				6C1C12462C2F64B6002008C0 /* Frameworks */,
				6C1C12472C2F64B6002008C0 /* Resources */,
			);
			buildRules = (
			);
			dependencies = (
				6C1C124B2C2F64B6002008C0 /* PBXTargetDependency */,
			);
			name = MicrosoftgraphClientTests;
			productName = MicrosoftgraphClientTests;
			productReference = 6C1C12492C2F64B6002008C0 /* MicrosoftgraphClientTests.xctest */;
			productType = "com.apple.product-type.bundle.unit-test";
		};
		6C1C12522C2F64B6002008C0 /* MicrosoftgraphClientUITests */ = {
			isa = PBXNativeTarget;
			buildConfigurationList = 6C1C12632C2F64B6002008C0 /* Build configuration list for PBXNativeTarget "MicrosoftgraphClientUITests" */;
			buildPhases = (
				6C1C124F2C2F64B6002008C0 /* Sources */,
				6C1C12502C2F64B6002008C0 /* Frameworks */,
				6C1C12512C2F64B6002008C0 /* Resources */,
			);
			buildRules = (
			);
			dependencies = (
				6C1C12552C2F64B6002008C0 /* PBXTargetDependency */,
			);
			name = MicrosoftgraphClientUITests;
			productName = MicrosoftgraphClientUITests;
			productReference = 6C1C12532C2F64B6002008C0 /* MicrosoftgraphClientUITests.xctest */;
			productType = "com.apple.product-type.bundle.ui-testing";
		};
/* End PBXNativeTarget section */

/* Begin PBXProject section */
		6C1C12312C2F64B2002008C0 /* Project object */ = {
			isa = PBXProject;
			attributes = {
				BuildIndependentTargetsInParallel = 1;
				LastSwiftUpdateCheck = 1540;
				LastUpgradeCheck = 1540;
				TargetAttributes = {
					6C1C12382C2F64B2002008C0 = {
						CreatedOnToolsVersion = 15.4;
					};
					6C1C12482C2F64B6002008C0 = {
						CreatedOnToolsVersion = 15.4;
						TestTargetID = 6C1C12382C2F64B2002008C0;
					};
					6C1C12522C2F64B6002008C0 = {
						CreatedOnToolsVersion = 15.4;
						TestTargetID = 6C1C12382C2F64B2002008C0;
					};
				};
			};
			buildConfigurationList = 6C1C12342C2F64B2002008C0 /* Build configuration list for PBXProject "MicrosoftgraphClient" */;
			compatibilityVersion = "Xcode 14.0";
			developmentRegion = en;
			hasScannedForEncodings = 0;
			knownRegions = (
				en,
				Base,
			);
			mainGroup = 6C1C12302C2F64B2002008C0;
			productRefGroup = 6C1C123A2C2F64B2002008C0 /* Products */;
			projectDirPath = "";
			projectRoot = "";
			targets = (
				6C1C12382C2F64B2002008C0 /* MicrosoftgraphClient */,
				6C1C12482C2F64B6002008C0 /* MicrosoftgraphClientTests */,
				6C1C12522C2F64B6002008C0 /* MicrosoftgraphClientUITests */,
			);
		};
/* End PBXProject section */

/* Begin PBXResourcesBuildPhase section */
		6C1C12372C2F64B2002008C0 /* Resources */ = {
			isa = PBXResourcesBuildPhase;
			buildActionMask = 2147483647;
			files = (
				6C1C12442C2F64B5002008C0 /* Preview Assets.xcassets in Resources */,
				6C1C12412C2F64B5002008C0 /* Assets.xcassets in Resources */,
			);
			runOnlyForDeploymentPostprocessing = 0;
		};
		6C1C12472C2F64B6002008C0 /* Resources */ = {
			isa = PBXResourcesBuildPhase;
			buildActionMask = 2147483647;
			files = (
			);
			runOnlyForDeploymentPostprocessing = 0;
		};
		6C1C12512C2F64B6002008C0 /* Resources */ = {
			isa = PBXResourcesBuildPhase;
			buildActionMask = 2147483647;
			files = (
			);
			runOnlyForDeploymentPostprocessing = 0;
		};
/* End PBXResourcesBuildPhase section */

/* Begin PBXSourcesBuildPhase section */
		6C1C12352C2F64B2002008C0 /* Sources */ = {
			isa = PBXSourcesBuildPhase;
			buildActionMask = 2147483647;
			files = (
				6C1C123F2C2F64B2002008C0 /* ContentView.swift in Sources */,
				6C1C123D2C2F64B2002008C0 /* MicrosoftgraphClientApp.swift in Sources */,
			);
			runOnlyForDeploymentPostprocessing = 0;
		};
		6C1C12452C2F64B6002008C0 /* Sources */ = {
			isa = PBXSourcesBuildPhase;
			buildActionMask = 2147483647;
			files = (
				6C1C124E2C2F64B6002008C0 /* MicrosoftgraphClientTests.swift in Sources */,
			);
			runOnlyForDeploymentPostprocessing = 0;
		};
		6C1C124F2C2F64B6002008C0 /* Sources */ = {
			isa = PBXSourcesBuildPhase;
			buildActionMask = 2147483647;
			files = (
				6C1C12582C2F64B6002008C0 /* MicrosoftgraphClientUITests.swift in Sources */,
				6C1C125A2C2F64B6002008C0 /* MicrosoftgraphClientUITestsLaunchTests.swift in Sources */,
			);
			runOnlyForDeploymentPostprocessing = 0;
		};
/* End PBXSourcesBuildPhase section */

/* Begin PBXTargetDependency section */
		6C1C124B2C2F64B6002008C0 /* PBXTargetDependency */ = {
			isa = PBXTargetDependency;
			target = 6C1C12382C2F64B2002008C0 /* MicrosoftgraphClient */;
			targetProxy = 6C1C124A2C2F64B6002008C0 /* PBXContainerItemProxy */;
		};
		6C1C12552C2F64B6002008C0 /* PBXTargetDependency */ = {
			isa = PBXTargetDependency;
			target = 6C1C12382C2F64B2002008C0 /* MicrosoftgraphClient */;
			targetProxy = 6C1C12542C2F64B6002008C0 /* PBXContainerItemProxy */;
		};
/* End PBXTargetDependency section */

/* Begin XCBuildConfiguration section */
		6C1C125B2C2F64B6002008C0 /* Debug */ = {
			isa = XCBuildConfiguration;
			buildSettings = {
				ALWAYS_SEARCH_USER_PATHS = NO;
				ASSETCATALOG_COMPILER_GENERATE_SWIFT_ASSET_SYMBOL_EXTENSIONS = YES;
				CLANG_ANALYZER_NONNULL = YES;
				CLANG_ANALYZER_NUMBER_OBJECT_CONVERSION = YES_AGGRESSIVE;
				CLANG_CXX_LANGUAGE_STANDARD = "gnu++20";
				CLANG_ENABLE_MODULES = YES;
				CLANG_ENABLE_OBJC_ARC = YES;
				CLANG_ENABLE_OBJC_WEAK = YES;
				CLANG_WARN_BLOCK_CAPTURE_AUTORELEASING = YES;
				CLANG_WARN_BOOL_CONVERSION = YES;
				CLANG_WARN_COMMA = YES;
				CLANG_WARN_CONSTANT_CONVERSION = YES;
				CLANG_WARN_DEPRECATED_OBJC_IMPLEMENTATIONS = YES;
				CLANG_WARN_DIRECT_OBJC_ISA_USAGE = YES_ERROR;
				CLANG_WARN_DOCUMENTATION_COMMENTS = YES;
				CLANG_WARN_EMPTY_BODY = YES;
				CLANG_WARN_ENUM_CONVERSION = YES;
				CLANG_WARN_INFINITE_RECURSION = YES;
				CLANG_WARN_INT_CONVERSION = YES;
				CLANG_WARN_NON_LITERAL_NULL_CONVERSION = YES;
				CLANG_WARN_OBJC_IMPLICIT_RETAIN_SELF = YES;
				CLANG_WARN_OBJC_LITERAL_CONVERSION = YES;
				CLANG_WARN_OBJC_ROOT_CLASS = YES_ERROR;
				CLANG_WARN_QUOTED_INCLUDE_IN_FRAMEWORK_HEADER = YES;
				CLANG_WARN_RANGE_LOOP_ANALYSIS = YES;
				CLANG_WARN_STRICT_PROTOTYPES = YES;
				CLANG_WARN_SUSPICIOUS_MOVE = YES;
				CLANG_WARN_UNGUARDED_AVAILABILITY = YES_AGGRESSIVE;
				CLANG_WARN_UNREACHABLE_CODE = YES;
				CLANG_WARN__DUPLICATE_METHOD_MATCH = YES;
				COPY_PHASE_STRIP = NO;
				DEBUG_INFORMATION_FORMAT = dwarf;
				ENABLE_STRICT_OBJC_MSGSEND = YES;
				ENABLE_TESTABILITY = YES;
				ENABLE_USER_SCRIPT_SANDBOXING = YES;
				GCC_C_LANGUAGE_STANDARD = gnu17;
				GCC_DYNAMIC_NO_PIC = NO;
				GCC_NO_COMMON_BLOCKS = YES;
				GCC_OPTIMIZATION_LEVEL = 0;
				GCC_PREPROCESSOR_DEFINITIONS = (
					"DEBUG=1",
					"$(inherited)",
				);
				GCC_WARN_64_TO_32_BIT_CONVERSION = YES;
				GCC_WARN_ABOUT_RETURN_TYPE = YES_ERROR;
				GCC_WARN_UNDECLARED_SELECTOR = YES;
				GCC_WARN_UNINITIALIZED_AUTOS = YES_AGGRESSIVE;
				GCC_WARN_UNUSED_FUNCTION = YES;
				GCC_WARN_UNUSED_VARIABLE = YES;
				IPHONEOS_DEPLOYMENT_TARGET = 17.5;
				LOCALIZATION_PREFERS_STRING_CATALOGS = YES;
				MTL_ENABLE_DEBUG_INFO = INCLUDE_SOURCE;
				MTL_FAST_MATH = YES;
				ONLY_ACTIVE_ARCH = YES;
				SDKROOT = iphoneos;
				SWIFT_ACTIVE_COMPILATION_CONDITIONS = "DEBUG $(inherited)";
				SWIFT_OPTIMIZATION_LEVEL = "-Onone";
			};
			name = Debug;
		};
		6C1C125C2C2F64B6002008C0 /* Release */ = {
			isa = XCBuildConfiguration;
			buildSettings = {
				ALWAYS_SEARCH_USER_PATHS = NO;
				ASSETCATALOG_COMPILER_GENERATE_SWIFT_ASSET_SYMBOL_EXTENSIONS = YES;
				CLANG_ANALYZER_NONNULL = YES;
				CLANG_ANALYZER_NUMBER_OBJECT_CONVERSION = YES_AGGRESSIVE;
				CLANG_CXX_LANGUAGE_STANDARD = "gnu++20";
				CLANG_ENABLE_MODULES = YES;
				CLANG_ENABLE_OBJC_ARC = YES;
				CLANG_ENABLE_OBJC_WEAK = YES;
				CLANG_WARN_BLOCK_CAPTURE_AUTORELEASING = YES;
				CLANG_WARN_BOOL_CONVERSION = YES;
				CLANG_WARN_COMMA = YES;
				CLANG_WARN_CONSTANT_CONVERSION = YES;
				CLANG_WARN_DEPRECATED_OBJC_IMPLEMENTATIONS = YES;
				CLANG_WARN_DIRECT_OBJC_ISA_USAGE = YES_ERROR;
				CLANG_WARN_DOCUMENTATION_COMMENTS = YES;
				CLANG_WARN_EMPTY_BODY = YES;
				CLANG_WARN_ENUM_CONVERSION = YES;
				CLANG_WARN_INFINITE_RECURSION = YES;
				CLANG_WARN_INT_CONVERSION = YES;
				CLANG_WARN_NON_LITERAL_NULL_CONVERSION = YES;
				CLANG_WARN_OBJC_IMPLICIT_RETAIN_SELF = YES;
				CLANG_WARN_OBJC_LITERAL_CONVERSION = YES;
				CLANG_WARN_OBJC_ROOT_CLASS = YES_ERROR;
				CLANG_WARN_QUOTED_INCLUDE_IN_FRAMEWORK_HEADER = YES;
				CLANG_WARN_RANGE_LOOP_ANALYSIS = YES;
				CLANG_WARN_STRICT_PROTOTYPES = YES;
				CLANG_WARN_SUSPICIOUS_MOVE = YES;
				CLANG_WARN_UNGUARDED_AVAILABILITY = YES_AGGRESSIVE;
				CLANG_WARN_UNREACHABLE_CODE = YES;
				CLANG_WARN__DUPLICATE_METHOD_MATCH = YES;
				COPY_PHASE_STRIP = NO;
				DEBUG_INFORMATION_FORMAT = "dwarf-with-dsym";
				ENABLE_NS_ASSERTIONS = NO;
				ENABLE_STRICT_OBJC_MSGSEND = YES;
				ENABLE_USER_SCRIPT_SANDBOXING = YES;
				GCC_C_LANGUAGE_STANDARD = gnu17;
				GCC_NO_COMMON_BLOCKS = YES;
				GCC_WARN_64_TO_32_BIT_CONVERSION = YES;
				GCC_WARN_ABOUT_RETURN_TYPE = YES_ERROR;
				GCC_WARN_UNDECLARED_SELECTOR = YES;
				GCC_WARN_UNINITIALIZED_AUTOS = YES_AGGRESSIVE;
				GCC_WARN_UNUSED_FUNCTION = YES;
				GCC_WARN_UNUSED_VARIABLE = YES;
				IPHONEOS_DEPLOYMENT_TARGET = 17.5;
				LOCALIZATION_PREFERS_STRING_CATALOGS = YES;
				MTL_ENABLE_DEBUG_INFO = NO;
				MTL_FAST_MATH = YES;
				SDKROOT = iphoneos;
				SWIFT_COMPILATION_MODE = wholemodule;
				VALIDATE_PRODUCT = YES;
			};
			name = Release;
		};
		6C1C125E2C2F64B6002008C0 /* Debug */ = {
			isa = XCBuildConfiguration;
			buildSettings = {
				ASSETCATALOG_COMPILER_APPICON_NAME = AppIcon;
				ASSETCATALOG_COMPILER_GLOBAL_ACCENT_COLOR_NAME = AccentColor;
				CODE_SIGN_STYLE = Automatic;
				CURRENT_PROJECT_VERSION = 1;
				DEVELOPMENT_ASSET_PATHS = "\"MicrosoftgraphClient/Preview Content\"";
				ENABLE_PREVIEWS = YES;
				GENERATE_INFOPLIST_FILE = YES;
				INFOPLIST_KEY_UIApplicationSceneManifest_Generation = YES;
				INFOPLIST_KEY_UIApplicationSupportsIndirectInputEvents = YES;
				INFOPLIST_KEY_UILaunchScreen_Generation = YES;
				INFOPLIST_KEY_UISupportedInterfaceOrientations_iPad = "UIInterfaceOrientationPortrait UIInterfaceOrientationPortraitUpsideDown UIInterfaceOrientationLandscapeLeft UIInterfaceOrientationLandscapeRight";
				INFOPLIST_KEY_UISupportedInterfaceOrientations_iPhone = "UIInterfaceOrientationPortrait UIInterfaceOrientationLandscapeLeft UIInterfaceOrientationLandscapeRight";
				LD_RUNPATH_SEARCH_PATHS = (
					"$(inherited)",
					"@executable_path/Frameworks",
				);
				MARKETING_VERSION = 1.0;
				PRODUCT_BUNDLE_IDENTIFIER = com.MicrosoftgraphClient;
				PRODUCT_NAME = "$(TARGET_NAME)";
				SWIFT_EMIT_LOC_STRINGS = YES;
				SWIFT_VERSION = 5.0;
				TARGETED_DEVICE_FAMILY = "1,2";
			};
			name = Debug;
		};
		6C1C125F2C2F64B6002008C0 /* Release */ = {
			isa = XCBuildConfiguration;
			buildSettings = {
				ASSETCATALOG_COMPILER_APPICON_NAME = AppIcon;
				ASSETCATALOG_COMPILER_GLOBAL_ACCENT_COLOR_NAME = AccentColor;
				CODE_SIGN_STYLE = Automatic;
				CURRENT_PROJECT_VERSION = 1;
				DEVELOPMENT_ASSET_PATHS = "\"MicrosoftgraphClient/Preview Content\"";
				ENABLE_PREVIEWS = YES;
				GENERATE_INFOPLIST_FILE = YES;
				INFOPLIST_KEY_UIApplicationSceneManifest_Generation = YES;
				INFOPLIST_KEY_UIApplicationSupportsIndirectInputEvents = YES;
				INFOPLIST_KEY_UILaunchScreen_Generation = YES;
				INFOPLIST_KEY_UISupportedInterfaceOrientations_iPad = "UIInterfaceOrientationPortrait UIInterfaceOrientationPortraitUpsideDown UIInterfaceOrientationLandscapeLeft UIInterfaceOrientationLandscapeRight";
				INFOPLIST_KEY_UISupportedInterfaceOrientations_iPhone = "UIInterfaceOrientationPortrait UIInterfaceOrientationLandscapeLeft UIInterfaceOrientationLandscapeRight";
				LD_RUNPATH_SEARCH_PATHS = (
					"$(inherited)",
					"@executable_path/Frameworks",
				);
				MARKETING_VERSION = 1.0;
				PRODUCT_BUNDLE_IDENTIFIER = com.MicrosoftgraphClient;
				PRODUCT_NAME = "$(TARGET_NAME)";
				SWIFT_EMIT_LOC_STRINGS = YES;
				SWIFT_VERSION = 5.0;
				TARGETED_DEVICE_FAMILY = "1,2";
			};
			name = Release;
		};
		6C1C12612C2F64B6002008C0 /* Debug */ = {
			isa = XCBuildConfiguration;
			buildSettings = {
				ALWAYS_EMBED_SWIFT_STANDARD_LIBRARIES = YES;
				BUNDLE_LOADER = "$(TEST_HOST)";
				CODE_SIGN_STYLE = Automatic;
				CURRENT_PROJECT_VERSION = 1;
				GENERATE_INFOPLIST_FILE = YES;
				IPHONEOS_DEPLOYMENT_TARGET = 17.5;
				MARKETING_VERSION = 1.0;
				PRODUCT_BUNDLE_IDENTIFIER = com.MicrosoftgraphClientTests;
				PRODUCT_NAME = "$(TARGET_NAME)";
				SWIFT_EMIT_LOC_STRINGS = NO;
				SWIFT_VERSION = 5.0;
				TARGETED_DEVICE_FAMILY = "1,2";
				TEST_HOST = "$(BUILT_PRODUCTS_DIR)/MicrosoftgraphClient.app/$(BUNDLE_EXECUTABLE_FOLDER_PATH)/MicrosoftgraphClient";
			};
			name = Debug;
		};
		6C1C12622C2F64B6002008C0 /* Release */ = {
			isa = XCBuildConfiguration;
			buildSettings = {
				ALWAYS_EMBED_SWIFT_STANDARD_LIBRARIES = YES;
				BUNDLE_LOADER = "$(TEST_HOST)";
				CODE_SIGN_STYLE = Automatic;
				CURRENT_PROJECT_VERSION = 1;
				GENERATE_INFOPLIST_FILE = YES;
				IPHONEOS_DEPLOYMENT_TARGET = 17.5;
				MARKETING_VERSION = 1.0;
				PRODUCT_BUNDLE_IDENTIFIER = com.MicrosoftgraphClientTests;
				PRODUCT_NAME = "$(TARGET_NAME)";
				SWIFT_EMIT_LOC_STRINGS = NO;
				SWIFT_VERSION = 5.0;
				TARGETED_DEVICE_FAMILY = "1,2";
				TEST_HOST = "$(BUILT_PRODUCTS_DIR)/MicrosoftgraphClient.app/$(BUNDLE_EXECUTABLE_FOLDER_PATH)/MicrosoftgraphClient";
			};
			name = Release;
		};
		6C1C12642C2F64B6002008C0 /* Debug */ = {
			isa = XCBuildConfiguration;
			buildSettings = {
				ALWAYS_EMBED_SWIFT_STANDARD_LIBRARIES = YES;
				CODE_SIGN_STYLE = Automatic;
				CURRENT_PROJECT_VERSION = 1;
				GENERATE_INFOPLIST_FILE = YES;
				MARKETING_VERSION = 1.0;
				PRODUCT_BUNDLE_IDENTIFIER = com.MicrosoftgraphClientUITests;
				PRODUCT_NAME = "$(TARGET_NAME)";
				SWIFT_EMIT_LOC_STRINGS = NO;
				SWIFT_VERSION = 5.0;
				TARGETED_DEVICE_FAMILY = "1,2";
				TEST_TARGET_NAME = MicrosoftgraphClient;
			};
			name = Debug;
		};
		6C1C12652C2F64B6002008C0 /* Release */ = {
			isa = XCBuildConfiguration;
			buildSettings = {
				ALWAYS_EMBED_SWIFT_STANDARD_LIBRARIES = YES;
				CODE_SIGN_STYLE = Automatic;
				CURRENT_PROJECT_VERSION = 1;
				GENERATE_INFOPLIST_FILE = YES;
				MARKETING_VERSION = 1.0;
				PRODUCT_BUNDLE_IDENTIFIER = com.MicrosoftgraphClientUITests;
				PRODUCT_NAME = "$(TARGET_NAME)";
				SWIFT_EMIT_LOC_STRINGS = NO;
				SWIFT_VERSION = 5.0;
				TARGETED_DEVICE_FAMILY = "1,2";
				TEST_TARGET_NAME = MicrosoftgraphClient;
			};
			name = Release;
		};
/* End XCBuildConfiguration section */

/* Begin XCConfigurationList section */
		6C1C12342C2F64B2002008C0 /* Build configuration list for PBXProject "MicrosoftgraphClient" */ = {
			isa = XCConfigurationList;
			buildConfigurations = (
				6C1C125B2C2F64B6002008C0 /* Debug */,
				6C1C125C2C2F64B6002008C0 /* Release */,
			);
			defaultConfigurationIsVisible = 0;
			defaultConfigurationName = Release;
		};
		6C1C125D2C2F64B6002008C0 /* Build configuration list for PBXNativeTarget "MicrosoftgraphClient" */ = {
			isa = XCConfigurationList;
			buildConfigurations = (
				6C1C125E2C2F64B6002008C0 /* Debug */,
				6C1C125F2C2F64B6002008C0 /* Release */,
			);
			defaultConfigurationIsVisible = 0;
			defaultConfigurationName = Release;
		};
		6C1C12602C2F64B6002008C0 /* Build configuration list for PBXNativeTarget "MicrosoftgraphClientTests" */ = {
			isa = XCConfigurationList;
			buildConfigurations = (
				6C1C12612C2F64B6002008C0 /* Debug */,
				6C1C12622C2F64B6002008C0 /* Release */,
			);
			defaultConfigurationIsVisible = 0;
			defaultConfigurationName = Release;
		};
		6C1C12632C2F64B6002008C0 /* Build configuration list for PBXNativeTarget "MicrosoftgraphClientUITests" */ = {
			isa = XCConfigurationList;
			buildConfigurations = (
				6C1C12642C2F64B6002008C0 /* Debug */,
				6C1C12652C2F64B6002008C0 /* Release */,
			);
			defaultConfigurationIsVisible = 0;
			defaultConfigurationName = Release;
		};
/* End XCConfigurationList section */
	};
	rootObject = 6C1C12312C2F64B2002008C0 /* Project object */;
}
